Microsoft Visual Studio Solution File, Format Version 12.00
# Visual Studio Version 17
VisualStudioVersion = 17.13.35828.75
MinimumVisualStudioVersion = 10.0.40219.1
Project("{FAE04EC0-301F-11D3-BF4B-00C04F79EFBC}") = "ExerciciosOOP", "ExerciciosOOP\ExerciciosOOP.csproj", "{5060C0BE-AF8A-4396-BB17-1467F8A8172B}"
EndProject
Global
	GlobalSection(SolutionConfigurationPlatforms) = preSolution
		Debug|Any CPU = Debug|Any CPU
		Release|Any CPU = Release|Any CPU
	EndGlobalSection
	GlobalSection(ProjectConfigurationPlatforms) = postSolution
		{5060C0BE-AF8A-4396-BB17-1467F8A8172B}.Debug|Any CPU.ActiveCfg = Debug|Any CPU
		{5060C0BE-AF8A-4396-BB17-1467F8A8172B}.Debug|Any CPU.Build.0 = Debug|Any CPU
		{5060C0BE-AF8A-4396-BB17-1467F8A8172B}.Release|Any CPU.ActiveCfg = Release|Any CPU
		{5060C0BE-AF8A-4396-BB17-1467F8A8172B}.Release|Any CPU.Build.0 = Release|Any CPU
	EndGlobalSection
	GlobalSection(SolutionProperties) = preSolution
		HideSolutionNode = FALSE
	EndGlobalSection
	GlobalSection(ExtensibilityGlobals) = postSolution
		SolutionGuid = {F9C0C988-7593-4AD6-AED0-192751488964}
	EndGlobalSection
EndGlobal
